
Microsoft Visual Studio Solution File, Format Version 12.00
Project("{FAE04EC0-301F-11D3-BF4B-00C04F79EFBC}") = "AdventOfCode", "AdventOfCode\AdventOfCode.csproj", "{FEBA3101-B790-47A1-AFB0-43846A791AA2}"
EndProject
Project("{FAE04EC0-301F-11D3-BF4B-00C04F79EFBC}") = "AdventOfCode.Tests", "AdventOfCode.Tests\AdventOfCode.Tests.csproj", "{9E798604-A744-4580-8B9D-6446F28E4B06}"
EndProject
Project("{FAE04EC0-301F-11D3-BF4B-00C04F79EFBC}") = "AdventOfCode.Benchmarks", "AdventOfCode.Benchmarks\AdventOfCode.Benchmarks.csproj", "{892D383F-D741-4300-8245-376567B0B473}"
EndProject
Global
	GlobalSection(SolutionConfigurationPlatforms) = preSolution
		Debug|Any CPU = Debug|Any CPU
		Release|Any CPU = Release|Any CPU
	EndGlobalSection
	GlobalSection(ProjectConfigurationPlatforms) = postSolution
		{FEBA3101-B790-47A1-AFB0-43846A791AA2}.Debug|Any CPU.ActiveCfg = Debug|Any CPU
		{FEBA3101-B790-47A1-AFB0-43846A791AA2}.Debug|Any CPU.Build.0 = Debug|Any CPU
		{FEBA3101-B790-47A1-AFB0-43846A791AA2}.Release|Any CPU.ActiveCfg = Release|Any CPU
		{FEBA3101-B790-47A1-AFB0-43846A791AA2}.Release|Any CPU.Build.0 = Release|Any CPU
		{9E798604-A744-4580-8B9D-6446F28E4B06}.Debug|Any CPU.ActiveCfg = Debug|Any CPU
		{9E798604-A744-4580-8B9D-6446F28E4B06}.Debug|Any CPU.Build.0 = Debug|Any CPU
		{9E798604-A744-4580-8B9D-6446F28E4B06}.Release|Any CPU.ActiveCfg = Release|Any CPU
		{9E798604-A744-4580-8B9D-6446F28E4B06}.Release|Any CPU.Build.0 = Release|Any CPU
		{892D383F-D741-4300-8245-376567B0B473}.Debug|Any CPU.ActiveCfg = Debug|Any CPU
		{892D383F-D741-4300-8245-376567B0B473}.Debug|Any CPU.Build.0 = Debug|Any CPU
		{892D383F-D741-4300-8245-376567B0B473}.Release|Any CPU.ActiveCfg = Release|Any CPU
		{892D383F-D741-4300-8245-376567B0B473}.Release|Any CPU.Build.0 = Release|Any CPU
	EndGlobalSection
EndGlobal
